
Microsoft Visual Studio Solution File, Format Version 12.00
# Visual Studio Version 16
VisualStudioVersion = 16.0.809.4
MinimumVisualStudioVersion = 10.0.40219.1
Project("{FAE04EC0-301F-11D3-BF4B-00C04F79EFBC}") = "AccountInformation.Client", "AccountInformation.Client\AccountInformation.Client.csproj", "{96E2BF12-1A25-43AB-B253-2F60D7DB59CA}"
EndProject
Global
	GlobalSection(SolutionConfigurationPlatforms) = preSolution
		Debug|Any CPU = Debug|Any CPU
		Release|Any CPU = Release|Any CPU
	EndGlobalSection
	GlobalSection(ProjectConfigurationPlatforms) = postSolution
		{96E2BF12-1A25-43AB-B253-2F60D7DB59CA}.Debug|Any CPU.ActiveCfg = Debug|Any CPU
		{96E2BF12-1A25-43AB-B253-2F60D7DB59CA}.Debug|Any CPU.Build.0 = Debug|Any CPU
		{96E2BF12-1A25-43AB-B253-2F60D7DB59CA}.Release|Any CPU.ActiveCfg = Release|Any CPU
		{96E2BF12-1A25-43AB-B253-2F60D7DB59CA}.Release|Any CPU.Build.0 = Release|Any CPU
	EndGlobalSection
	GlobalSection(SolutionProperties) = preSolution
		HideSolutionNode = FALSE
	EndGlobalSection
	GlobalSection(ExtensibilityGlobals) = postSolution
		SolutionGuid = {BAB2FA3E-F6C1-4A9F-93E9-24E2BEACC9BC}
	EndGlobalSection
EndGlobal
